# THIS IS AN AUTOGENERATED FILE. DO NOT EDIT THIS FILE DIRECTLY.
# yarn lockfile v1


"@types/prop-types@*":
  version "15.7.3"
  resolved "https://registry.npm.taobao.org/@types/prop-types/download/@types/prop-types-15.7.3.tgz#2ab0d5da2e5815f94b0b9d4b95d1e5f243ab2ca7"
  integrity sha1-KrDV2i5YFflLC51LldHl8kOrLKc=

"@types/react-native@^0.60.25":
  version "0.60.25"
  resolved "https://registry.npm.taobao.org/@types/react-native/download/@types/react-native-0.60.25.tgz#65cb0bf5dd0631079215b63525458e4123c1c90e"
  integrity sha1-ZcsL9d0GMQeSFbY1JUWOQSPByQ4=
  dependencies:
    "@types/prop-types" "*"
    "@types/react" "*"

"@types/react@*", "@types/react@^16.9.16":
  version "16.9.16"
  resolved "https://registry.npm.taobao.org/@types/react/download/@types/react-16.9.16.tgz#4f12515707148b1f53a8eaa4341dae5dfefb066d"
  integrity sha1-TxJRVwcUix9TqOqkNB2uXf77Bm0=
  dependencies:
    "@types/prop-types" "*"
    csstype "^2.2.0"

csstype@^2.2.0:
  version "2.6.8"
  resolved "https://registry.npm.taobao.org/csstype/download/csstype-2.6.8.tgz#0fb6fc2417ffd2816a418c9336da74d7f07db431"
  integrity sha1-D7b8JBf/0oFqQYyTNtp01/B9tDE=

memoize-one@^5.1.1:
  version "5.1.1"
  resolved "https://registry.npm.taobao.org/memoize-one/download/memoize-one-5.1.1.tgz#047b6e3199b508eaec03504de71229b8eb1d75c0"
  integrity sha1-BHtuMZm1COrsA1BN5xIpuOsddcA=

typescript@^3.7.3:
  version "3.7.3"
  resolved "https://registry.npm.taobao.org/typescript/download/typescript-3.7.3.tgz?cache=0&sync_timestamp=1576739769104&other_urls=https%3A%2F%2Fregistry.npm.taobao.org%2Ftypescript%2Fdownload%2Ftypescript-3.7.3.tgz#b36840668a16458a7025b9eabfad11b66ab85c69"
  integrity sha1-s2hAZooWRYpwJbnqv60Rtmq4XGk=
